
Microsoft Visual Studio Solution File, Format Version 12.00
# Visual Studio Version 17
VisualStudioVersion = 17.3.32922.545
MinimumVisualStudioVersion = 10.0.40219.1
Project("{888888A0-9F3D-457C-B088-3A5042F75D52}") = "Vigade", "Vigade\Vigade.pyproj", "{9CD38C96-6F47-48CB-A8A2-5EA2557D0C58}"
EndProject
Global
	GlobalSection(SolutionConfigurationPlatforms) = preSolution
		Debug|Any CPU = Debug|Any CPU
		Release|Any CPU = Release|Any CPU
	EndGlobalSection
	GlobalSection(ProjectConfigurationPlatforms) = postSolution
		{9CD38C96-6F47-48CB-A8A2-5EA2557D0C58}.Debug|Any CPU.ActiveCfg = Debug|Any CPU
		{9CD38C96-6F47-48CB-A8A2-5EA2557D0C58}.Release|Any CPU.ActiveCfg = Release|Any CPU
	EndGlobalSection
	GlobalSection(SolutionProperties) = preSolution
		HideSolutionNode = FALSE
	EndGlobalSection
	GlobalSection(ExtensibilityGlobals) = postSolution
		SolutionGuid = {A7893488-E5B9-42C4-BEB7-AED6716960DF}
	EndGlobalSection
EndGlobal
